
Microsoft Visual Studio Solution File, Format Version 12.00
# Visual Studio Version 16
VisualStudioVersion = 16.0.28803.452
MinimumVisualStudioVersion = 10.0.40219.1
Project("{FAE04EC0-301F-11D3-BF4B-00C04F79EFBC}") = "WindowsFormsAppDatabaseConnectionAssignment", "WindowsFormsAppDatabaseConnectionAssignment\WindowsFormsAppDatabaseConnectionAssignment.csproj", "{D76B0F48-38F5-460B-902E-3334A6AA3BA7}"
EndProject
Global
	GlobalSection(SolutionConfigurationPlatforms) = preSolution
		Debug|Any CPU = Debug|Any CPU
		Release|Any CPU = Release|Any CPU
	EndGlobalSection
	GlobalSection(ProjectConfigurationPlatforms) = postSolution
		{D76B0F48-38F5-460B-902E-3334A6AA3BA7}.Debug|Any CPU.ActiveCfg = Debug|Any CPU
		{D76B0F48-38F5-460B-902E-3334A6AA3BA7}.Debug|Any CPU.Build.0 = Debug|Any CPU
		{D76B0F48-38F5-460B-902E-3334A6AA3BA7}.Release|Any CPU.ActiveCfg = Release|Any CPU
		{D76B0F48-38F5-460B-902E-3334A6AA3BA7}.Release|Any CPU.Build.0 = Release|Any CPU
	EndGlobalSection
	GlobalSection(SolutionProperties) = preSolution
		HideSolutionNode = FALSE
	EndGlobalSection
	GlobalSection(ExtensibilityGlobals) = postSolution
		SolutionGuid = {5ED9E03E-C8F9-4BEA-8AA0-553193B24C45}
	EndGlobalSection
EndGlobal
